
Microsoft Visual Studio Solution File, Format Version 12.00
# Visual Studio Version 17
VisualStudioVersion = 17.8.34525.116
MinimumVisualStudioVersion = 10.0.40219.1
Project("{FAE04EC0-301F-11D3-BF4B-00C04F79EFBC}") = "JsonDbGui", "JsonDbGui.csproj", "{7706C496-393F-459F-9298-B024C8759542}"
EndProject
Global
	GlobalSection(SolutionConfigurationPlatforms) = preSolution
		Debug|Any CPU = Debug|Any CPU
		Release|Any CPU = Release|Any CPU
	EndGlobalSection
	GlobalSection(ProjectConfigurationPlatforms) = postSolution
		{7706C496-393F-459F-9298-B024C8759542}.Debug|Any CPU.ActiveCfg = Debug|Any CPU
		{7706C496-393F-459F-9298-B024C8759542}.Debug|Any CPU.Build.0 = Debug|Any CPU
		{7706C496-393F-459F-9298-B024C8759542}.Release|Any CPU.ActiveCfg = Release|Any CPU
		{7706C496-393F-459F-9298-B024C8759542}.Release|Any CPU.Build.0 = Release|Any CPU
	EndGlobalSection
	GlobalSection(SolutionProperties) = preSolution
		HideSolutionNode = FALSE
	EndGlobalSection
	GlobalSection(ExtensibilityGlobals) = postSolution
		SolutionGuid = {D6C60FF2-FA1E-47AD-91F8-FD384DC8F0B4}
	EndGlobalSection
EndGlobal
